
Microsoft Visual Studio Solution File, Format Version 12.00
# Visual Studio Version 17
VisualStudioVersion = 17.4.33213.308
MinimumVisualStudioVersion = 10.0.40219.1
Project("{FAE04EC0-301F-11D3-BF4B-00C04F79EFBC}") = "Tyuiu.MenshchikovaDA.Lab1.TaskReview.V6", "Tyuiu.MenshchikovaDA.Lab1.TaskReview\Tyuiu.MenshchikovaDA.Lab1.TaskReview.V6.csproj", "{73A88507-6D1D-4C58-A5F7-23B29E663182}"
EndProject
Project("{FAE04EC0-301F-11D3-BF4B-00C04F79EFBC}") = "Tyuiu.MenshchikovaDA.Lab1.Review.V6.Lib", "Tyuiu.MenshchikovaDA.Lab1.Review.V6.Lib\Tyuiu.MenshchikovaDA.Lab1.Review.V6.Lib.csproj", "{3C163C99-507D-4E8F-9D15-8ACE9AFEC683}"
EndProject
Project("{FAE04EC0-301F-11D3-BF4B-00C04F79EFBC}") = "Tyuiu.MenshchikovaDA.Lab1.Review.V6.Test", "Tyuiu.MenshchikovaDA.Lab1.Review.V6.Test\Tyuiu.MenshchikovaDA.Lab1.Review.V6.Test.csproj", "{43D975DB-30A4-48D3-9562-5DADF21A5271}"
EndProject
Global
	GlobalSection(SolutionConfigurationPlatforms) = preSolution
		Debug|Any CPU = Debug|Any CPU
		Release|Any CPU = Release|Any CPU
	EndGlobalSection
	GlobalSection(ProjectConfigurationPlatforms) = postSolution
		{73A88507-6D1D-4C58-A5F7-23B29E663182}.Debug|Any CPU.ActiveCfg = Debug|Any CPU
		{73A88507-6D1D-4C58-A5F7-23B29E663182}.Debug|Any CPU.Build.0 = Debug|Any CPU
		{73A88507-6D1D-4C58-A5F7-23B29E663182}.Release|Any CPU.ActiveCfg = Release|Any CPU
		{73A88507-6D1D-4C58-A5F7-23B29E663182}.Release|Any CPU.Build.0 = Release|Any CPU
		{3C163C99-507D-4E8F-9D15-8ACE9AFEC683}.Debug|Any CPU.ActiveCfg = Debug|Any CPU
		{3C163C99-507D-4E8F-9D15-8ACE9AFEC683}.Debug|Any CPU.Build.0 = Debug|Any CPU
		{3C163C99-507D-4E8F-9D15-8ACE9AFEC683}.Release|Any CPU.ActiveCfg = Release|Any CPU
		{3C163C99-507D-4E8F-9D15-8ACE9AFEC683}.Release|Any CPU.Build.0 = Release|Any CPU
		{43D975DB-30A4-48D3-9562-5DADF21A5271}.Debug|Any CPU.ActiveCfg = Debug|Any CPU
		{43D975DB-30A4-48D3-9562-5DADF21A5271}.Debug|Any CPU.Build.0 = Debug|Any CPU
		{43D975DB-30A4-48D3-9562-5DADF21A5271}.Release|Any CPU.ActiveCfg = Release|Any CPU
		{43D975DB-30A4-48D3-9562-5DADF21A5271}.Release|Any CPU.Build.0 = Release|Any CPU
	EndGlobalSection
	GlobalSection(SolutionProperties) = preSolution
		HideSolutionNode = FALSE
	EndGlobalSection
	GlobalSection(ExtensibilityGlobals) = postSolution
		SolutionGuid = {6F33CBA6-F9CC-45EB-A5B0-580AC7C8D80C}
	EndGlobalSection
EndGlobal
